{
  "lockfile_version": "1",
  "packages": {
    "github:NixOS/nixpkgs/nixpkgs-unstable": {
      "last_modified": "2026-10-03T07:08:11Z",
      "resolved": "github:NixOS/nixpkgs/73e728ddb6b7a12d18808f510813a13ee1fe4cce?lastModified=1791011291&narHash=sha256-V6OBJccNKBo%2FktknxlJXZChPoI0NE2lembArBO3CE9k%3D"
    },
    "php85Extensions.xdebug@3.5.3": {
      "last_modified": "2026-10-02T22:55:44Z",
      "resolved": "github:NixOS/nixpkgs/55ba7f49ef2962b42cbd126522b7df5f95037679#php85Extensions.xdebug",
      "source": "devbox-search",
      "version": "3.5.3",
      "systems": {
        "aarch64-darwin": {
          "outputs": [
            {
              "name": "out",
              "path": "/nix/store/h2b3sz5irbi976bq0asbanvxvfql22d6-php-xdebug-3.5.3",
              "default": true
            }
          ],
          "store_path": "/nix/store/h2b3sz5irbi976bq0asbanvxvfql22d6-php-xdebug-3.5.3"
        },
        "aarch64-linux": {
          "outputs": [
            {
              "name": "out",
              "path": "/nix/store/l4nrlnspswi1qqfsfwg6hg4f415g65fg-php-xdebug-3.5.3",
              "default": true
            }
          ],
          "store_path": "/nix/store/l4nrlnspswi1qqfsfwg6hg4f415g65fg-php-xdebug-3.5.3"
        },
        "x86_64-darwin": {
          "outputs": [
            {
              "name": "out",
              "path": "/nix/store/579lplljlnnn36909n7iy64n1k0dhg1a-php-xdebug-3.5.3",
              "default": true
            }
          ],
          "store_path": "/nix/store/579lplljlnnn36909n7iy64n1k0dhg1a-php-xdebug-3.5.3"
        },
        "x86_64-linux": {
          "outputs": [
            {
              "name": "out",
              "path": "/nix/store/5fdw48qya3yl4jm8a1dnqzdhivl7dpdv-php-xdebug-3.5.3",
              "default": true
            }
          ],
          "store_path": "/nix/store/5fdw48qya3yl4jm8a1dnqzdhivl7dpdv-php-xdebug-3.5.3"
        }
      }
    },
    "php@8.5.9": {
      "last_modified": "2026-08-01T16:34:20Z",
      "plugin_version": "0.0.4",
      "resolved": "github:NixOS/nixpkgs/a5cbcfe954791221bfffe2307f7d1a1bf61a871e#php85",
      "source": "devbox-search",
      "version": "8.5.9",
      "systems": {
        "aarch64-darwin": {
          "outputs": [
            {
              "name": "out",
              "path": "/nix/store/aq2b871asvyc1c9fak7zpw945bjwa4yx-php-with-extensions-8.5.9",
              "default": true
            }
          ],
          "store_path": "/nix/store/aq2b871asvyc1c9fak7zpw945bjwa4yx-php-with-extensions-8.5.9"
        },
        "aarch64-linux": {
          "outputs": [
            {
              "name": "out",
              "path": "/nix/store/f3ffppblva9p3x8rm0z20lwsl2fdvxjp-php-with-extensions-8.5.9",
              "default": true
            }
          ],
          "store_path": "/nix/store/f3ffppblva9p3x8rm0z20lwsl2fdvxjp-php-with-extensions-8.5.9"
        },
        "x86_64-linux": {
          "outputs": [
            {
              "name": "out",
              "path": "/nix/store/fnyn2d9jh1cc2ggzb6sc6k1n85yypibg-php-with-extensions-8.5.9",
              "default": true
            }
          ],
          "store_path": "/nix/store/fnyn2d9jh1cc2ggzb6sc6k1n85yypibg-php-with-extensions-8.5.9"
        }
      }
    }
  }
}
